
Microsoft Visual Studio Solution File, Format Version 12.00
# Visual Studio Version 17
VisualStudioVersion = 17.12.35506.116 d17.12
MinimumVisualStudioVersion = 10.0.40219.1
Project("{FAE04EC0-301F-11D3-BF4B-00C04F79EFBC}") = "Opiskelijat", "Opiskelijat\Opiskelijat.csproj", "{B1A79487-9925-4EEE-B4E2-6B26DEE97A75}"
EndProject
Global
	GlobalSection(SolutionConfigurationPlatforms) = preSolution
		Debug|Any CPU = Debug|Any CPU
		Release|Any CPU = Release|Any CPU
	EndGlobalSection
	GlobalSection(ProjectConfigurationPlatforms) = postSolution
		{B1A79487-9925-4EEE-B4E2-6B26DEE97A75}.Debug|Any CPU.ActiveCfg = Debug|Any CPU
		{B1A79487-9925-4EEE-B4E2-6B26DEE97A75}.Debug|Any CPU.Build.0 = Debug|Any CPU
		{B1A79487-9925-4EEE-B4E2-6B26DEE97A75}.Release|Any CPU.ActiveCfg = Release|Any CPU
		{B1A79487-9925-4EEE-B4E2-6B26DEE97A75}.Release|Any CPU.Build.0 = Release|Any CPU
	EndGlobalSection
	GlobalSection(SolutionProperties) = preSolution
		HideSolutionNode = FALSE
	EndGlobalSection
EndGlobal
